
Microsoft Visual Studio Solution File, Format Version 12.00
# Visual Studio Version 16
VisualStudioVersion = 16.0.31205.134
MinimumVisualStudioVersion = 10.0.40219.1
Project("{9A19103F-16F7-4668-BE54-9A1E7A4F7556}") = "DoberDogBot.Worker", "DoberDogBot.Worker\DoberDogBot.Worker.csproj", "{7FB5EF89-BAD1-46C5-8814-D35362739AA7}"
EndProject
Project("{9A19103F-16F7-4668-BE54-9A1E7A4F7556}") = "DoberDogBot.Application", "DoberDogBot.Application\DoberDogBot.Application.csproj", "{DB34D571-141D-40E8-A61F-449922EFCD5B}"
EndProject
Project("{9A19103F-16F7-4668-BE54-9A1E7A4F7556}") = "DoberDogBot.Domain", "DoberDogBot.Domain\DoberDogBot.Domain.csproj", "{FB9CCB50-48D4-4301-97EB-9DD0134C3BC4}"
EndProject
Project("{9A19103F-16F7-4668-BE54-9A1E7A4F7556}") = "DoberDogBot.UI", "DoberDogBot.UI\DoberDogBot.UI.csproj", "{ABFB8DB5-9A4B-4CB5-BB9B-779B2DF17A4B}"
EndProject
Project("{9A19103F-16F7-4668-BE54-9A1E7A4F7556}") = "DoberDogBot.Infrastructure", "DoberDogBot.Infrastructure\DoberDogBot.Infrastructure.csproj", "{D6F0291F-B456-41C1-9F27-11F8D8111CDD}"
EndProject
Project("{2150E333-8FDC-42A3-9474-1A3956D46DE8}") = "src", "src", "{38514CB5-4388-46BA-9EED-97EDA79E50E0}"
EndProject
Project("{2150E333-8FDC-42A3-9474-1A3956D46DE8}") = "lib", "lib", "{44FB536E-BAAC-4F80-8305-701B83385534}"
EndProject
Project("{9A19103F-16F7-4668-BE54-9A1E7A4F7556}") = "StreamlabsLib", "..\lib\StreamlabsLib\StreamlabsLib.csproj", "{A1BA97CD-57AE-4D69-BD18-3C9BA4556A08}"
EndProject
Project("{2150E333-8FDC-42A3-9474-1A3956D46DE8}") = "Web Apps", "Web Apps", "{2539A573-98A8-47AC-A074-E6ACD7BB0717}"
EndProject
Project("{2150E333-8FDC-42A3-9474-1A3956D46DE8}") = "Services", "Services", "{AF8890C3-E7D8-4231-A306-5E7620FA9536}"
EndProject
Project("{2150E333-8FDC-42A3-9474-1A3956D46DE8}") = "Dog", "Dog", "{38DADFC0-726D-4110-B263-8B3CA4A6AB9D}"
EndProject
Global
	GlobalSection(SolutionConfigurationPlatforms) = preSolution
		Debug|Any CPU = Debug|Any CPU
		Release|Any CPU = Release|Any CPU
	EndGlobalSection
	GlobalSection(ProjectConfigurationPlatforms) = postSolution
		{7FB5EF89-BAD1-46C5-8814-D35362739AA7}.Debug|Any CPU.ActiveCfg = Debug|Any CPU
		{7FB5EF89-BAD1-46C5-8814-D35362739AA7}.Debug|Any CPU.Build.0 = Debug|Any CPU
		{7FB5EF89-BAD1-46C5-8814-D35362739AA7}.Release|Any CPU.ActiveCfg = Release|Any CPU
		{7FB5EF89-BAD1-46C5-8814-D35362739AA7}.Release|Any CPU.Build.0 = Release|Any CPU
		{DB34D571-141D-40E8-A61F-449922EFCD5B}.Debug|Any CPU.ActiveCfg = Debug|Any CPU
		{DB34D571-141D-40E8-A61F-449922EFCD5B}.Debug|Any CPU.Build.0 = Debug|Any CPU
		{DB34D571-141D-40E8-A61F-449922EFCD5B}.Release|Any CPU.ActiveCfg = Release|Any CPU
		{DB34D571-141D-40E8-A61F-449922EFCD5B}.Release|Any CPU.Build.0 = Release|Any CPU
		{FB9CCB50-48D4-4301-97EB-9DD0134C3BC4}.Debug|Any CPU.ActiveCfg = Debug|Any CPU
		{FB9CCB50-48D4-4301-97EB-9DD0134C3BC4}.Debug|Any CPU.Build.0 = Debug|Any CPU
		{FB9CCB50-48D4-4301-97EB-9DD0134C3BC4}.Release|Any CPU.ActiveCfg = Release|Any CPU
		{FB9CCB50-48D4-4301-97EB-9DD0134C3BC4}.Release|Any CPU.Build.0 = Release|Any CPU
		{ABFB8DB5-9A4B-4CB5-BB9B-779B2DF17A4B}.Debug|Any CPU.ActiveCfg = Debug|Any CPU
		{ABFB8DB5-9A4B-4CB5-BB9B-779B2DF17A4B}.Debug|Any CPU.Build.0 = Debug|Any CPU
		{ABFB8DB5-9A4B-4CB5-BB9B-779B2DF17A4B}.Release|Any CPU.ActiveCfg = Release|Any CPU
		{ABFB8DB5-9A4B-4CB5-BB9B-779B2DF17A4B}.Release|Any CPU.Build.0 = Release|Any CPU
		{D6F0291F-B456-41C1-9F27-11F8D8111CDD}.Debug|Any CPU.ActiveCfg = Debug|Any CPU
		{D6F0291F-B456-41C1-9F27-11F8D8111CDD}.Debug|Any CPU.Build.0 = Debug|Any CPU
		{D6F0291F-B456-41C1-9F27-11F8D8111CDD}.Release|Any CPU.ActiveCfg = Release|Any CPU
		{D6F0291F-B456-41C1-9F27-11F8D8111CDD}.Release|Any CPU.Build.0 = Release|Any CPU
		{A1BA97CD-57AE-4D69-BD18-3C9BA4556A08}.Debug|Any CPU.ActiveCfg = Debug|Any CPU
		{A1BA97CD-57AE-4D69-BD18-3C9BA4556A08}.Debug|Any CPU.Build.0 = Debug|Any CPU
		{A1BA97CD-57AE-4D69-BD18-3C9BA4556A08}.Release|Any CPU.ActiveCfg = Release|Any CPU
		{A1BA97CD-57AE-4D69-BD18-3C9BA4556A08}.Release|Any CPU.Build.0 = Release|Any CPU
	EndGlobalSection
	GlobalSection(SolutionProperties) = preSolution
		HideSolutionNode = FALSE
	EndGlobalSection
	GlobalSection(NestedProjects) = preSolution
		{7FB5EF89-BAD1-46C5-8814-D35362739AA7} = {38DADFC0-726D-4110-B263-8B3CA4A6AB9D}
		{DB34D571-141D-40E8-A61F-449922EFCD5B} = {38DADFC0-726D-4110-B263-8B3CA4A6AB9D}
		{FB9CCB50-48D4-4301-97EB-9DD0134C3BC4} = {38DADFC0-726D-4110-B263-8B3CA4A6AB9D}
		{ABFB8DB5-9A4B-4CB5-BB9B-779B2DF17A4B} = {2539A573-98A8-47AC-A074-E6ACD7BB0717}
		{D6F0291F-B456-41C1-9F27-11F8D8111CDD} = {38DADFC0-726D-4110-B263-8B3CA4A6AB9D}
		{A1BA97CD-57AE-4D69-BD18-3C9BA4556A08} = {44FB536E-BAAC-4F80-8305-701B83385534}
		{2539A573-98A8-47AC-A074-E6ACD7BB0717} = {38514CB5-4388-46BA-9EED-97EDA79E50E0}
		{AF8890C3-E7D8-4231-A306-5E7620FA9536} = {38514CB5-4388-46BA-9EED-97EDA79E50E0}
		{38DADFC0-726D-4110-B263-8B3CA4A6AB9D} = {AF8890C3-E7D8-4231-A306-5E7620FA9536}
	EndGlobalSection
	GlobalSection(ExtensibilityGlobals) = postSolution
		SolutionGuid = {9C286A22-36B0-4D60-B4EE-F603BC7F8D02}
	EndGlobalSection
EndGlobal
